
Microsoft Visual Studio Solution File, Format Version 12.00
# Visual Studio Version 16
VisualStudioVersion = 16.0.30907.101
MinimumVisualStudioVersion = 10.0.40219.1
Project("{FAE04EC0-301F-11D3-BF4B-00C04F79EFBC}") = "MyFirstWebApi", "MyFirstWebApi.csproj", "{B2E34930-8F84-4812-A21A-72644B4B514D}"
EndProject
Global
	GlobalSection(SolutionConfigurationPlatforms) = preSolution
		Debug|Any CPU = Debug|Any CPU
		Release|Any CPU = Release|Any CPU
	EndGlobalSection
	GlobalSection(ProjectConfigurationPlatforms) = postSolution
		{B2E34930-8F84-4812-A21A-72644B4B514D}.Debug|Any CPU.ActiveCfg = Debug|Any CPU
		{B2E34930-8F84-4812-A21A-72644B4B514D}.Debug|Any CPU.Build.0 = Debug|Any CPU
		{B2E34930-8F84-4812-A21A-72644B4B514D}.Release|Any CPU.ActiveCfg = Release|Any CPU
		{B2E34930-8F84-4812-A21A-72644B4B514D}.Release|Any CPU.Build.0 = Release|Any CPU
	EndGlobalSection
	GlobalSection(SolutionProperties) = preSolution
		HideSolutionNode = FALSE
	EndGlobalSection
	GlobalSection(ExtensibilityGlobals) = postSolution
		SolutionGuid = {B73789F0-8AF1-4057-83D7-885E355F9B04}
	EndGlobalSection
EndGlobal
